
Microsoft Visual Studio Solution File, Format Version 12.00
# Visual Studio 15
VisualStudioVersion = 15.0.27130.2036
MinimumVisualStudioVersion = 10.0.40219.1
Project("{FAE04EC0-301F-11D3-BF4B-00C04F79EFBC}") = "Mailing", "WindowsFormsApp1\Mailing.csproj", "{CABB8235-6075-4E5D-928D-1A028235A395}"
EndProject
Global
	GlobalSection(SolutionConfigurationPlatforms) = preSolution
		Debug|Any CPU = Debug|Any CPU
		Release|Any CPU = Release|Any CPU
	EndGlobalSection
	GlobalSection(ProjectConfigurationPlatforms) = postSolution
		{CABB8235-6075-4E5D-928D-1A028235A395}.Debug|Any CPU.ActiveCfg = Debug|Any CPU
		{CABB8235-6075-4E5D-928D-1A028235A395}.Debug|Any CPU.Build.0 = Debug|Any CPU
		{CABB8235-6075-4E5D-928D-1A028235A395}.Release|Any CPU.ActiveCfg = Release|Any CPU
		{CABB8235-6075-4E5D-928D-1A028235A395}.Release|Any CPU.Build.0 = Release|Any CPU
	EndGlobalSection
	GlobalSection(SolutionProperties) = preSolution
		HideSolutionNode = FALSE
	EndGlobalSection
	GlobalSection(ExtensibilityGlobals) = postSolution
		SolutionGuid = {66D041B1-EAE8-4834-8E22-843BE8EBF26A}
	EndGlobalSection
EndGlobal
